Microsoft Visual Studio Solution File, Format Version 12.00
# Visual Studio Version 17
VisualStudioVersion = 17.5.2.0
MinimumVisualStudioVersion = 10.0.40219.1
Project("{FAE04EC0-301F-11D3-BF4B-00C04F79EFBC}") = "APIGateway", "APIGateway\APIGateway.csproj", "{ABE66B30-BD47-A7B2-B17B-5BA67959B026}"
EndProject
Project("{FAE04EC0-301F-11D3-BF4B-00C04F79EFBC}") = "CustomerService", "CustomerService\CustomerService.csproj", "{C8E1EF95-431B-25F3-1DD5-ECA73FFFCCD1}"
EndProject
Project("{FAE04EC0-301F-11D3-BF4B-00C04F79EFBC}") = "SalesService", "SalesService\SalesService.csproj", "{2ACB870B-6C91-D9A8-E59D-19A98EBFE422}"
EndProject
Project("{FAE04EC0-301F-11D3-BF4B-00C04F79EFBC}") = "UserService", "UserService\UserService.csproj", "{F8832160-6E8A-C1E0-17C8-08A5783EBD52}"
EndProject
Project("{FAE04EC0-301F-11D3-BF4B-00C04F79EFBC}") = "Logging", "Logging\Logging.csproj", "{37F31918-B8B5-4C65-8041-A0CB29A7FE58}"
EndProject
Global
	GlobalSection(SolutionConfigurationPlatforms) = preSolution
		Debug|Any CPU = Debug|Any CPU
		Release|Any CPU = Release|Any CPU
	EndGlobalSection
	GlobalSection(ProjectConfigurationPlatforms) = postSolution
		{ABE66B30-BD47-A7B2-B17B-5BA67959B026}.Debug|Any CPU.ActiveCfg = Debug|Any CPU
		{ABE66B30-BD47-A7B2-B17B-5BA67959B026}.Debug|Any CPU.Build.0 = Debug|Any CPU
		{ABE66B30-BD47-A7B2-B17B-5BA67959B026}.Release|Any CPU.ActiveCfg = Release|Any CPU
		{ABE66B30-BD47-A7B2-B17B-5BA67959B026}.Release|Any CPU.Build.0 = Release|Any CPU
		{C8E1EF95-431B-25F3-1DD5-ECA73FFFCCD1}.Debug|Any CPU.ActiveCfg = Debug|Any CPU
		{C8E1EF95-431B-25F3-1DD5-ECA73FFFCCD1}.Debug|Any CPU.Build.0 = Debug|Any CPU
		{C8E1EF95-431B-25F3-1DD5-ECA73FFFCCD1}.Release|Any CPU.ActiveCfg = Release|Any CPU
		{C8E1EF95-431B-25F3-1DD5-ECA73FFFCCD1}.Release|Any CPU.Build.0 = Release|Any CPU
		{2ACB870B-6C91-D9A8-E59D-19A98EBFE422}.Debug|Any CPU.ActiveCfg = Debug|Any CPU
		{2ACB870B-6C91-D9A8-E59D-19A98EBFE422}.Debug|Any CPU.Build.0 = Debug|Any CPU
		{2ACB870B-6C91-D9A8-E59D-19A98EBFE422}.Release|Any CPU.ActiveCfg = Release|Any CPU
		{2ACB870B-6C91-D9A8-E59D-19A98EBFE422}.Release|Any CPU.Build.0 = Release|Any CPU
		{F8832160-6E8A-C1E0-17C8-08A5783EBD52}.Debug|Any CPU.ActiveCfg = Debug|Any CPU
		{F8832160-6E8A-C1E0-17C8-08A5783EBD52}.Debug|Any CPU.Build.0 = Debug|Any CPU
		{F8832160-6E8A-C1E0-17C8-08A5783EBD52}.Release|Any CPU.ActiveCfg = Release|Any CPU
		{F8832160-6E8A-C1E0-17C8-08A5783EBD52}.Release|Any CPU.Build.0 = Release|Any CPU
		{37F31918-B8B5-4C65-8041-A0CB29A7FE58}.Debug|Any CPU.ActiveCfg = Debug|Any CPU
		{37F31918-B8B5-4C65-8041-A0CB29A7FE58}.Debug|Any CPU.Build.0 = Debug|Any CPU
		{37F31918-B8B5-4C65-8041-A0CB29A7FE58}.Release|Any CPU.ActiveCfg = Release|Any CPU
		{37F31918-B8B5-4C65-8041-A0CB29A7FE58}.Release|Any CPU.Build.0 = Release|Any CPU
	EndGlobalSection
	GlobalSection(SolutionProperties) = preSolution
		HideSolutionNode = FALSE
	EndGlobalSection
	GlobalSection(ExtensibilityGlobals) = postSolution
		SolutionGuid = {565C0C34-280F-4929-A0A7-55095B89EAE5}
	EndGlobalSection
EndGlobal
